<?xml version="1.0" encoding="utf-8"?>
<Project ToolsVersion="4.0" xmlns="http://schemas.microsoft.com/developer/msbuild/2003">
  <ItemGroup>
    <Filter Include="PS2">
      <UniqueIdentifier>{348ac0ea-5d06-4a63-8723-e5d21766e9e0}</UniqueIdentifier>
    </Filter>
    <Filter Include="PC">
      <UniqueIdentifier>{f228b517-3ac2-4998-8a13-bfa8c1890426}</UniqueIdentifier>
    </Filter>
  </ItemGroup>
  <ItemGroup>
    <ClCompile Include="ps2\ps2_player.cpp">
      <Filter>PS2</Filter>
    </ClCompile>
    <ClCompile Include="pc\pc_player.cpp">
      <Filter>PC</Filter>
    </ClCompile>
    <ClCompile Include="movieplayer.cpp" />
  </ItemGroup>
  <ItemGroup>
    <ClInclude Include="movieplayer.hpp" />
  </ItemGroup>
</Project>