
Microsoft Visual Studio Solution File, Format Version 12.00
# Visual Studio Version 17
VisualStudioVersion = 17.14.36511.14
MinimumVisualStudioVersion = 10.0.40219.1
Project("{8BC9CEB8-8B4A-11D0-8D11-00A0C91BC942}") = "Demo1", "Demo1.vcxproj", "{46ECFC20-62D0-46D1-B8B7-AC2C4078B0BE}"
	ProjectSection(ProjectDependencies) = postProject
		{08DDF73C-FC41-7539-9E63-763B3B116A3B} = {08DDF73C-FC41-7539-9E63-763B3B116A3B}
		{0B951B04-4290-5EED-048B-B76CC36B6D62} = {0B951B04-4290-5EED-048B-B76CC36B6D62}
		{140DC1CC-0549-D4AC-09B7-D83B7757A47C} = {140DC1CC-0549-D4AC-09B7-D83B7757A47C}
		{158096C4-4CFE-BEE5-7D82-F4CC1DF7059D} = {158096C4-4CFE-BEE5-7D82-F4CC1DF7059D}
		{18177DD0-52AF-DA3D-5F51-3D6EE788EC58} = {18177DD0-52AF-DA3D-5F51-3D6EE788EC58}
		{1966568C-9AFB-E736-D2BD-87EA36B827C9} = {1966568C-9AFB-E736-D2BD-87EA36B827C9}
		{1ABAD0DD-9791-25FD-F403-ABE28BDC5477} = {1ABAD0DD-9791-25FD-F403-ABE28BDC5477}
		{3E4156EA-6C46-71DF-29AA-EAADE5FA6FF1} = {3E4156EA-6C46-71DF-29AA-EAADE5FA6FF1}
		{3FCA1CBD-0F35-A38B-1047-86C46C449AEA} = {3FCA1CBD-0F35-A38B-1047-86C46C449AEA}
		{4C9EC1E6-348E-E967-0D70-6A59DA67A1EB} = {4C9EC1E6-348E-E967-0D70-6A59DA67A1EB}
		{771DAAD1-2351-6E7D-2E31-0BEA4FAAEFB6} = {771DAAD1-2351-6E7D-2E31-0BEA4FAAEFB6}
		{77D187ED-B6D4-5248-259C-4F114F179A48} = {77D187ED-B6D4-5248-259C-4F114F179A48}
		{9239455A-254D-30BC-02F8-895641F837DC} = {9239455A-254D-30BC-02F8-895641F837DC}
		{A0EF784E-62A8-96B5-4083-7AC7CDD2D08D} = {A0EF784E-62A8-96B5-4083-7AC7CDD2D08D}
		{A5482149-17FB-3642-F88C-2C8DD47C40CE} = {A5482149-17FB-3642-F88C-2C8DD47C40CE}
		{A670450C-5578-197E-87E4-34F2995D3B6B} = {A670450C-5578-197E-87E4-34F2995D3B6B}
		{ACD61D73-82D7-1FA0-B51A-F3063445C1F2} = {ACD61D73-82D7-1FA0-B51A-F3063445C1F2}
		{AD1029DC-239B-FE82-141D-AE43F57AD538} = {AD1029DC-239B-FE82-141D-AE43F57AD538}
		{C0DD1270-62E1-111C-AAC7-8294A15EFBA4} = {C0DD1270-62E1-111C-AAC7-8294A15EFBA4}
		{C3DD3BC5-C56F-1B30-2226-DD11FF45D5C6} = {C3DD3BC5-C56F-1B30-2226-DD11FF45D5C6}
		{CA87BC65-554B-CBE0-F56C-F4FBE54E40D1} = {CA87BC65-554B-CBE0-F56C-F4FBE54E40D1}
		{CF8DFD79-E8F9-8A4B-FE72-6E564F9A25EA} = {CF8DFD79-E8F9-8A4B-FE72-6E564F9A25EA}
		{D0C5D86C-F38B-165D-6981-3D6D62E47899} = {D0C5D86C-F38B-165D-6981-3D6D62E47899}
		{D36C6EB1-151F-0B0D-C86E-78F5BD8D4E1A} = {D36C6EB1-151F-0B0D-C86E-78F5BD8D4E1A}
		{D7A83995-2872-72F6-B677-6BF3B15850E2} = {D7A83995-2872-72F6-B677-6BF3B15850E2}
		{EF06DAF7-0343-4BDD-F2E9-F839F270B962} = {EF06DAF7-0343-4BDD-F2E9-F839F270B962}
		{F3C9A810-BAB9-BA1C-F5B4-B60FA8223907} = {F3C9A810-BAB9-BA1C-F5B4-B60FA8223907}
		{FFBFDC84-EE3E-52D9-33A2-C0D5F3C46A4A} = {FFBFDC84-EE3E-52D9-33A2-C0D5F3C46A4A}
	EndProjectSection
EndProject
Project("{8BC9CEB8-8B4A-11D0-8D11-00A0C91BC942}") = "BotEditor", "..\Support\BotEditor\BotEditor.vcxproj", "{AD1029DC-239B-FE82-141D-AE43F57AD538}"
EndProject
Project("{8BC9CEB8-8B4A-11D0-8D11-00A0C91BC942}") = "BotObject", "..\Support\Objects\Bot\BotObject.vcxproj", "{3E4156EA-6C46-71DF-29AA-EAADE5FA6FF1}"
EndProject
Project("{8BC9CEB8-8B4A-11D0-8D11-00A0C91BC942}") = "BuildingObject", "..\Support\Building\BuildingObject.vcxproj", "{D36C6EB1-151F-0B0D-C86E-78F5BD8D4E1A}"
EndProject
Project("{8BC9CEB8-8B4A-11D0-8D11-00A0C91BC942}") = "CardMgr", "..\Support\CardMgr\CardMgr.vcxproj", "{C0DD1270-62E1-111C-AAC7-8294A15EFBA4}"
EndProject
Project("{8BC9CEB8-8B4A-11D0-8D11-00A0C91BC942}") = "CleanText", "..\Support\CleanText\CleanText.vcxproj", "{1966568C-9AFB-E736-D2BD-87EA36B827C9}"
EndProject
Project("{8BC9CEB8-8B4A-11D0-8D11-00A0C91BC942}") = "Entropy", "..\xCore\Entropy\Entropy.vcxproj", "{A5482149-17FB-3642-F88C-2C8DD47C40CE}"
EndProject
Project("{8BC9CEB8-8B4A-11D0-8D11-00A0C91BC942}") = "GameMgr", "..\Support\GameMgr\GameMgr.vcxproj", "{D7A83995-2872-72F6-B677-6BF3B15850E2}"
EndProject
Project("{8BC9CEB8-8B4A-11D0-8D11-00A0C91BC942}") = "HUD", "..\Support\Hud\HUD.vcxproj", "{77D187ED-B6D4-5248-259C-4F114F179A48}"
EndProject
Project("{8BC9CEB8-8B4A-11D0-8D11-00A0C91BC942}") = "LabelSets", "..\Support\LabelSets\LabelSets.vcxproj", "{CF8DFD79-E8F9-8A4B-FE72-6E564F9A25EA}"
EndProject
Project("{8BC9CEB8-8B4A-11D0-8D11-00A0C91BC942}") = "MasterServer", "..\Support\MasterServer\MasterServer.vcxproj", "{ACD61D73-82D7-1FA0-B51A-F3063445C1F2}"
EndProject
Project("{8BC9CEB8-8B4A-11D0-8D11-00A0C91BC942}") = "MoviePlayer", "..\Support\MoviePlayer\MoviePlayer.vcxproj", "{A0EF784E-62A8-96B5-4083-7AC7CDD2D08D}"
EndProject
Project("{8BC9CEB8-8B4A-11D0-8D11-00A0C91BC942}") = "NetLib", "..\Support\NetLib\NetLib.vcxproj", "{4C9EC1E6-348E-E967-0D70-6A59DA67A1EB}"
EndProject
Project("{8BC9CEB8-8B4A-11D0-8D11-00A0C91BC942}") = "ObjectMgr", "..\Support\ObjectMgr\ObjectMgr.vcxproj", "{EF06DAF7-0343-4BDD-F2E9-F839F270B962}"
EndProject
Project("{8BC9CEB8-8B4A-11D0-8D11-00A0C91BC942}") = "Particles", "..\Support\Particles\Particles.vcxproj", "{3FCA1CBD-0F35-A38B-1047-86C46C449AEA}"
EndProject
Project("{8BC9CEB8-8B4A-11D0-8D11-00A0C91BC942}") = "Pickups", "..\Support\Objects\Pickups\Pickups.vcxproj", "{140DC1CC-0549-D4AC-09B7-D83B7757A47C}"
EndProject
Project("{8BC9CEB8-8B4A-11D0-8D11-00A0C91BC942}") = "Poly", "..\Support\Poly\poly.vcxproj", "{CA87BC65-554B-CBE0-F56C-F4FBE54E40D1}"
EndProject
Project("{8BC9CEB8-8B4A-11D0-8D11-00A0C91BC942}") = "Projectiles", "..\Support\Objects\Projectiles\Projectiles.vcxproj", "{D0C5D86C-F38B-165D-6981-3D6D62E47899}"
EndProject
Project("{8BC9CEB8-8B4A-11D0-8D11-00A0C91BC942}") = "Shape", "..\Support\Shape\Shape.vcxproj", "{9239455A-254D-30BC-02F8-895641F837DC}"
EndProject
Project("{8BC9CEB8-8B4A-11D0-8D11-00A0C91BC942}") = "Sky", "..\Support\Sky\Sky.vcxproj", "{C3DD3BC5-C56F-1B30-2226-DD11FF45D5C6}"
EndProject
Project("{8BC9CEB8-8B4A-11D0-8D11-00A0C91BC942}") = "StringMgr", "..\Support\StringMgr\StringMgr.vcxproj", "{08DDF73C-FC41-7539-9E63-763B3B116A3B}"
EndProject
Project("{8BC9CEB8-8B4A-11D0-8D11-00A0C91BC942}") = "Tokenizer", "..\Support\Tokenizer\Tokenizer.vcxproj", "{771DAAD1-2351-6E7D-2E31-0BEA4FAAEFB6}"
EndProject
Project("{8BC9CEB8-8B4A-11D0-8D11-00A0C91BC942}") = "UI", "..\Support\UI\UI.vcxproj", "{1ABAD0DD-9791-25FD-F403-ABE28BDC5477}"
EndProject
Project("{8BC9CEB8-8B4A-11D0-8D11-00A0C91BC942}") = "Vehicle", "..\Support\Objects\Vehicles\Vehicle.vcxproj", "{FFBFDC84-EE3E-52D9-33A2-C0D5F3C46A4A}"
EndProject
Project("{8BC9CEB8-8B4A-11D0-8D11-00A0C91BC942}") = "audiomgr", "..\Support\AudioMgr\audiomgr.vcxproj", "{18177DD0-52AF-DA3D-5F51-3D6EE788EC58}"
EndProject
Project("{8BC9CEB8-8B4A-11D0-8D11-00A0C91BC942}") = "aux_Bitmap", "..\xCore\Auxiliary\Bitmap\aux_Bitmap.vcxproj", "{A670450C-5578-197E-87E4-34F2995D3B6B}"
EndProject
Project("{8BC9CEB8-8B4A-11D0-8D11-00A0C91BC942}") = "x_files", "..\xCore\x_files\x_files.vcxproj", "{158096C4-4CFE-BEE5-7D82-F4CC1DF7059D}"
EndProject
Project("{8BC9CEB8-8B4A-11D0-8D11-00A0C91BC942}") = "Terr", "..\Support\Terrain\Terr.vcxproj", "{F3C9A810-BAB9-BA1C-F5B4-B60FA8223907}"
EndProject
Project("{8BC9CEB8-8B4A-11D0-8D11-00A0C91BC942}") = "PlayerObject", "..\Support\Objects\Player\PlayerObject.vcxproj", "{8CFDFE53-A1A0-5B92-1F15-48B0DBA7F0E1}"
EndProject
Project("{8BC9CEB8-8B4A-11D0-8D11-00A0C91BC942}") = "Terrain", "..\Support\Objects\Terrain\Terrain.vcxproj", "{996FB11B-A871-7826-887E-B5A6BAF3D330}"
EndProject
Project("{8BC9CEB8-8B4A-11D0-8D11-00A0C91BC942}") = "NetworkMgr", "..\Support\NetworkMgr\NetworkMgr.vcxproj", "{0B951B04-4290-5EED-048B-B76CC36B6D62}"
EndProject
Global
	GlobalSection(SolutionConfigurationPlatforms) = preSolution
		Debug|x86 = Debug|x86
		Release|x86 = Release|x86
	EndGlobalSection
	GlobalSection(ProjectConfigurationPlatforms) = postSolution
		{46ECFC20-62D0-46D1-B8B7-AC2C4078B0BE}.Debug|x86.ActiveCfg = Debug|Win32
		{46ECFC20-62D0-46D1-B8B7-AC2C4078B0BE}.Debug|x86.Build.0 = Debug|Win32
		{46ECFC20-62D0-46D1-B8B7-AC2C4078B0BE}.Release|x86.ActiveCfg = Release|Win32
		{46ECFC20-62D0-46D1-B8B7-AC2C4078B0BE}.Release|x86.Build.0 = Release|Win32
		{AD1029DC-239B-FE82-141D-AE43F57AD538}.Debug|x86.ActiveCfg = Debug|Win32
		{AD1029DC-239B-FE82-141D-AE43F57AD538}.Debug|x86.Build.0 = Debug|Win32
		{AD1029DC-239B-FE82-141D-AE43F57AD538}.Release|x86.ActiveCfg = Release|Win32
		{AD1029DC-239B-FE82-141D-AE43F57AD538}.Release|x86.Build.0 = Release|Win32
		{3E4156EA-6C46-71DF-29AA-EAADE5FA6FF1}.Debug|x86.ActiveCfg = Debug|Win32
		{3E4156EA-6C46-71DF-29AA-EAADE5FA6FF1}.Debug|x86.Build.0 = Debug|Win32
		{3E4156EA-6C46-71DF-29AA-EAADE5FA6FF1}.Release|x86.ActiveCfg = Release|Win32
		{3E4156EA-6C46-71DF-29AA-EAADE5FA6FF1}.Release|x86.Build.0 = Release|Win32
		{D36C6EB1-151F-0B0D-C86E-78F5BD8D4E1A}.Debug|x86.ActiveCfg = Debug|Win32
		{D36C6EB1-151F-0B0D-C86E-78F5BD8D4E1A}.Debug|x86.Build.0 = Debug|Win32
		{D36C6EB1-151F-0B0D-C86E-78F5BD8D4E1A}.Release|x86.ActiveCfg = Release|Win32
		{D36C6EB1-151F-0B0D-C86E-78F5BD8D4E1A}.Release|x86.Build.0 = Release|Win32
		{C0DD1270-62E1-111C-AAC7-8294A15EFBA4}.Debug|x86.ActiveCfg = Debug|Win32
		{C0DD1270-62E1-111C-AAC7-8294A15EFBA4}.Debug|x86.Build.0 = Debug|Win32
		{C0DD1270-62E1-111C-AAC7-8294A15EFBA4}.Release|x86.ActiveCfg = Release|Win32
		{C0DD1270-62E1-111C-AAC7-8294A15EFBA4}.Release|x86.Build.0 = Release|Win32
		{1966568C-9AFB-E736-D2BD-87EA36B827C9}.Debug|x86.ActiveCfg = Debug|Win32
		{1966568C-9AFB-E736-D2BD-87EA36B827C9}.Debug|x86.Build.0 = Debug|Win32
		{1966568C-9AFB-E736-D2BD-87EA36B827C9}.Release|x86.ActiveCfg = Release|Win32
		{1966568C-9AFB-E736-D2BD-87EA36B827C9}.Release|x86.Build.0 = Release|Win32
		{A5482149-17FB-3642-F88C-2C8DD47C40CE}.Debug|x86.ActiveCfg = Debug|Win32
		{A5482149-17FB-3642-F88C-2C8DD47C40CE}.Debug|x86.Build.0 = Debug|Win32
		{A5482149-17FB-3642-F88C-2C8DD47C40CE}.Release|x86.ActiveCfg = Release|Win32
		{A5482149-17FB-3642-F88C-2C8DD47C40CE}.Release|x86.Build.0 = Release|Win32
		{D7A83995-2872-72F6-B677-6BF3B15850E2}.Debug|x86.ActiveCfg = Debug|Win32
		{D7A83995-2872-72F6-B677-6BF3B15850E2}.Debug|x86.Build.0 = Debug|Win32
		{D7A83995-2872-72F6-B677-6BF3B15850E2}.Release|x86.ActiveCfg = Release|Win32
		{D7A83995-2872-72F6-B677-6BF3B15850E2}.Release|x86.Build.0 = Release|Win32
		{77D187ED-B6D4-5248-259C-4F114F179A48}.Debug|x86.ActiveCfg = Debug|Win32
		{77D187ED-B6D4-5248-259C-4F114F179A48}.Debug|x86.Build.0 = Debug|Win32
		{77D187ED-B6D4-5248-259C-4F114F179A48}.Release|x86.ActiveCfg = Release|Win32
		{77D187ED-B6D4-5248-259C-4F114F179A48}.Release|x86.Build.0 = Release|Win32
		{CF8DFD79-E8F9-8A4B-FE72-6E564F9A25EA}.Debug|x86.ActiveCfg = Debug|Win32
		{CF8DFD79-E8F9-8A4B-FE72-6E564F9A25EA}.Debug|x86.Build.0 = Debug|Win32
		{CF8DFD79-E8F9-8A4B-FE72-6E564F9A25EA}.Release|x86.ActiveCfg = Release|Win32
		{CF8DFD79-E8F9-8A4B-FE72-6E564F9A25EA}.Release|x86.Build.0 = Release|Win32
		{ACD61D73-82D7-1FA0-B51A-F3063445C1F2}.Debug|x86.ActiveCfg = Debug|Win32
		{ACD61D73-82D7-1FA0-B51A-F3063445C1F2}.Debug|x86.Build.0 = Debug|Win32
		{ACD61D73-82D7-1FA0-B51A-F3063445C1F2}.Release|x86.ActiveCfg = Release|Win32
		{ACD61D73-82D7-1FA0-B51A-F3063445C1F2}.Release|x86.Build.0 = Release|Win32
		{A0EF784E-62A8-96B5-4083-7AC7CDD2D08D}.Debug|x86.ActiveCfg = Debug|Win32
		{A0EF784E-62A8-96B5-4083-7AC7CDD2D08D}.Debug|x86.Build.0 = Debug|Win32
		{A0EF784E-62A8-96B5-4083-7AC7CDD2D08D}.Release|x86.ActiveCfg = Release|Win32
		{A0EF784E-62A8-96B5-4083-7AC7CDD2D08D}.Release|x86.Build.0 = Release|Win32
		{4C9EC1E6-348E-E967-0D70-6A59DA67A1EB}.Debug|x86.ActiveCfg = Debug|Win32
		{4C9EC1E6-348E-E967-0D70-6A59DA67A1EB}.Debug|x86.Build.0 = Debug|Win32
		{4C9EC1E6-348E-E967-0D70-6A59DA67A1EB}.Release|x86.ActiveCfg = Release|Win32
		{4C9EC1E6-348E-E967-0D70-6A59DA67A1EB}.Release|x86.Build.0 = Release|Win32
		{EF06DAF7-0343-4BDD-F2E9-F839F270B962}.Debug|x86.ActiveCfg = Debug|Win32
		{EF06DAF7-0343-4BDD-F2E9-F839F270B962}.Debug|x86.Build.0 = Debug|Win32
		{EF06DAF7-0343-4BDD-F2E9-F839F270B962}.Release|x86.ActiveCfg = Release|Win32
		{EF06DAF7-0343-4BDD-F2E9-F839F270B962}.Release|x86.Build.0 = Release|Win32
		{3FCA1CBD-0F35-A38B-1047-86C46C449AEA}.Debug|x86.ActiveCfg = Debug|Win32
		{3FCA1CBD-0F35-A38B-1047-86C46C449AEA}.Debug|x86.Build.0 = Debug|Win32
		{3FCA1CBD-0F35-A38B-1047-86C46C449AEA}.Release|x86.ActiveCfg = Release|Win32
		{3FCA1CBD-0F35-A38B-1047-86C46C449AEA}.Release|x86.Build.0 = Release|Win32
		{140DC1CC-0549-D4AC-09B7-D83B7757A47C}.Debug|x86.ActiveCfg = Debug|Win32
		{140DC1CC-0549-D4AC-09B7-D83B7757A47C}.Debug|x86.Build.0 = Debug|Win32
		{140DC1CC-0549-D4AC-09B7-D83B7757A47C}.Release|x86.ActiveCfg = Release|Win32
		{140DC1CC-0549-D4AC-09B7-D83B7757A47C}.Release|x86.Build.0 = Release|Win32
		{CA87BC65-554B-CBE0-F56C-F4FBE54E40D1}.Debug|x86.ActiveCfg = Debug|Win32
		{CA87BC65-554B-CBE0-F56C-F4FBE54E40D1}.Debug|x86.Build.0 = Debug|Win32
		{CA87BC65-554B-CBE0-F56C-F4FBE54E40D1}.Release|x86.ActiveCfg = Release|Win32
		{CA87BC65-554B-CBE0-F56C-F4FBE54E40D1}.Release|x86.Build.0 = Release|Win32
		{D0C5D86C-F38B-165D-6981-3D6D62E47899}.Debug|x86.ActiveCfg = Debug|Win32
		{D0C5D86C-F38B-165D-6981-3D6D62E47899}.Debug|x86.Build.0 = Debug|Win32
		{D0C5D86C-F38B-165D-6981-3D6D62E47899}.Release|x86.ActiveCfg = Release|Win32
		{D0C5D86C-F38B-165D-6981-3D6D62E47899}.Release|x86.Build.0 = Release|Win32
		{9239455A-254D-30BC-02F8-895641F837DC}.Debug|x86.ActiveCfg = Debug|Win32
		{9239455A-254D-30BC-02F8-895641F837DC}.Debug|x86.Build.0 = Debug|Win32
		{9239455A-254D-30BC-02F8-895641F837DC}.Release|x86.ActiveCfg = Release|Win32
		{9239455A-254D-30BC-02F8-895641F837DC}.Release|x86.Build.0 = Release|Win32
		{C3DD3BC5-C56F-1B30-2226-DD11FF45D5C6}.Debug|x86.ActiveCfg = Debug|Win32
		{C3DD3BC5-C56F-1B30-2226-DD11FF45D5C6}.Debug|x86.Build.0 = Debug|Win32
		{C3DD3BC5-C56F-1B30-2226-DD11FF45D5C6}.Release|x86.ActiveCfg = Release|Win32
		{C3DD3BC5-C56F-1B30-2226-DD11FF45D5C6}.Release|x86.Build.0 = Release|Win32
		{08DDF73C-FC41-7539-9E63-763B3B116A3B}.Debug|x86.ActiveCfg = Debug|Win32
		{08DDF73C-FC41-7539-9E63-763B3B116A3B}.Debug|x86.Build.0 = Debug|Win32
		{08DDF73C-FC41-7539-9E63-763B3B116A3B}.Release|x86.ActiveCfg = Release|Win32
		{08DDF73C-FC41-7539-9E63-763B3B116A3B}.Release|x86.Build.0 = Release|Win32
		{771DAAD1-2351-6E7D-2E31-0BEA4FAAEFB6}.Debug|x86.ActiveCfg = Debug|Win32
		{771DAAD1-2351-6E7D-2E31-0BEA4FAAEFB6}.Debug|x86.Build.0 = Debug|Win32
		{771DAAD1-2351-6E7D-2E31-0BEA4FAAEFB6}.Release|x86.ActiveCfg = Release|Win32
		{771DAAD1-2351-6E7D-2E31-0BEA4FAAEFB6}.Release|x86.Build.0 = Release|Win32
		{1ABAD0DD-9791-25FD-F403-ABE28BDC5477}.Debug|x86.ActiveCfg = Debug|Win32
		{1ABAD0DD-9791-25FD-F403-ABE28BDC5477}.Debug|x86.Build.0 = Debug|Win32
		{1ABAD0DD-9791-25FD-F403-ABE28BDC5477}.Release|x86.ActiveCfg = Release|Win32
		{1ABAD0DD-9791-25FD-F403-ABE28BDC5477}.Release|x86.Build.0 = Release|Win32
		{FFBFDC84-EE3E-52D9-33A2-C0D5F3C46A4A}.Debug|x86.ActiveCfg = Debug|Win32
		{FFBFDC84-EE3E-52D9-33A2-C0D5F3C46A4A}.Debug|x86.Build.0 = Debug|Win32
		{FFBFDC84-EE3E-52D9-33A2-C0D5F3C46A4A}.Release|x86.ActiveCfg = Release|Win32
		{FFBFDC84-EE3E-52D9-33A2-C0D5F3C46A4A}.Release|x86.Build.0 = Release|Win32
		{18177DD0-52AF-DA3D-5F51-3D6EE788EC58}.Debug|x86.ActiveCfg = Debug|Win32
		{18177DD0-52AF-DA3D-5F51-3D6EE788EC58}.Debug|x86.Build.0 = Debug|Win32
		{18177DD0-52AF-DA3D-5F51-3D6EE788EC58}.Release|x86.ActiveCfg = Release|Win32
		{18177DD0-52AF-DA3D-5F51-3D6EE788EC58}.Release|x86.Build.0 = Release|Win32
		{A670450C-5578-197E-87E4-34F2995D3B6B}.Debug|x86.ActiveCfg = Debug|Win32
		{A670450C-5578-197E-87E4-34F2995D3B6B}.Debug|x86.Build.0 = Debug|Win32
		{A670450C-5578-197E-87E4-34F2995D3B6B}.Release|x86.ActiveCfg = Release|Win32
		{A670450C-5578-197E-87E4-34F2995D3B6B}.Release|x86.Build.0 = Release|Win32
		{158096C4-4CFE-BEE5-7D82-F4CC1DF7059D}.Debug|x86.ActiveCfg = Debug|Win32
		{158096C4-4CFE-BEE5-7D82-F4CC1DF7059D}.Debug|x86.Build.0 = Debug|Win32
		{158096C4-4CFE-BEE5-7D82-F4CC1DF7059D}.Release|x86.ActiveCfg = Release|Win32
		{158096C4-4CFE-BEE5-7D82-F4CC1DF7059D}.Release|x86.Build.0 = Release|Win32
		{F3C9A810-BAB9-BA1C-F5B4-B60FA8223907}.Debug|x86.ActiveCfg = Debug|Win32
		{F3C9A810-BAB9-BA1C-F5B4-B60FA8223907}.Debug|x86.Build.0 = Debug|Win32
		{F3C9A810-BAB9-BA1C-F5B4-B60FA8223907}.Release|x86.ActiveCfg = Release|Win32
		{F3C9A810-BAB9-BA1C-F5B4-B60FA8223907}.Release|x86.Build.0 = Release|Win32
		{8CFDFE53-A1A0-5B92-1F15-48B0DBA7F0E1}.Debug|x86.ActiveCfg = Debug|Win32
		{8CFDFE53-A1A0-5B92-1F15-48B0DBA7F0E1}.Debug|x86.Build.0 = Debug|Win32
		{8CFDFE53-A1A0-5B92-1F15-48B0DBA7F0E1}.Release|x86.ActiveCfg = Release|Win32
		{8CFDFE53-A1A0-5B92-1F15-48B0DBA7F0E1}.Release|x86.Build.0 = Release|Win32
		{996FB11B-A871-7826-887E-B5A6BAF3D330}.Debug|x86.ActiveCfg = Debug|Win32
		{996FB11B-A871-7826-887E-B5A6BAF3D330}.Debug|x86.Build.0 = Debug|Win32
		{996FB11B-A871-7826-887E-B5A6BAF3D330}.Release|x86.ActiveCfg = Release|Win32
		{996FB11B-A871-7826-887E-B5A6BAF3D330}.Release|x86.Build.0 = Release|Win32
		{0B951B04-4290-5EED-048B-B76CC36B6D62}.Debug|x86.ActiveCfg = Debug|Win32
		{0B951B04-4290-5EED-048B-B76CC36B6D62}.Debug|x86.Build.0 = Debug|Win32
		{0B951B04-4290-5EED-048B-B76CC36B6D62}.Release|x86.ActiveCfg = Release|Win32
		{0B951B04-4290-5EED-048B-B76CC36B6D62}.Release|x86.Build.0 = Release|Win32
	EndGlobalSection
	GlobalSection(SolutionProperties) = preSolution
		HideSolutionNode = FALSE
	EndGlobalSection
	GlobalSection(ExtensibilityGlobals) = postSolution
		SolutionGuid = {440C21E1-3E76-4DCC-B2F3-0877E603FFAF}
	EndGlobalSection
EndGlobal
