<?xml version="1.0" encoding="utf-8"?>
<Project ToolsVersion="4.0" xmlns="http://schemas.microsoft.com/developer/msbuild/2003">
  <ItemGroup>
    <Filter Include="Source">
      <UniqueIdentifier>{90115139-329f-491a-9a0a-a8cf260d6c87}</UniqueIdentifier>
    </Filter>
  </ItemGroup>
  <ItemGroup>
    <ClCompile Include="AssetEditor.cpp">
      <Filter>Source</Filter>
    </ClCompile>
    <ClCompile Include="BotEditor.cpp">
      <Filter>Source</Filter>
    </ClCompile>
    <ClCompile Include="PathEditor.cpp">
      <Filter>Source</Filter>
    </ClCompile>
  </ItemGroup>
  <ItemGroup>
    <ClInclude Include="AssetEditor.hpp">
      <Filter>Source</Filter>
    </ClInclude>
    <ClInclude Include="BotEditor.hpp">
      <Filter>Source</Filter>
    </ClInclude>
    <ClInclude Include="dharray.hpp">
      <Filter>Source</Filter>
    </ClInclude>
    <ClInclude Include="PathEditor.hpp">
      <Filter>Source</Filter>
    </ClInclude>
    <ClInclude Include="resource.h">
      <Filter>Source</Filter>
    </ClInclude>
  </ItemGroup>
  <ItemGroup>
    <ResourceCompile Include="BotEditorScrip.rc">
      <Filter>Source</Filter>
    </ResourceCompile>
  </ItemGroup>
</Project>